# This file is automatically @generated by Cargo.
# It is not intended for manual editing.
version = 4

[[package]]
name = "mutex"
version = "0.1.0"
source = "git+https://github.com/a-rust-coder/mutex.git#01300b13531e84975c650602f689da677d6adb9d"

[[package]]
name = "partfs"
version = "0.1.0"
dependencies = [
 "mutex",
 "time-units",
]

[[package]]
name = "time-units"
version = "0.1.0"
